<?xml version="1.0" encoding="utf-8"?>
<Project ToolsVersion="4.0" xmlns="http://schemas.microsoft.com/developer/msbuild/2003">
  <ItemGroup>
    <Filter Include="Pliki źródłowe">
      <UniqueIdentifier>{4FC737F1-C7A5-4376-A066-2A32D752A2FF}</UniqueIdentifier>
      <Extensions>cpp;c;cc;cxx;c++;cppm;ixx;def;odl;idl;hpj;bat;asm;asmx</Extensions>
    </Filter>
  </ItemGroup>
  <ItemGroup>
    <ClCompile Include="src\RayTracing.cpp">
      <Filter>Pliki źródłowe</Filter>
    </ClCompile>
    <ClCompile Include="src\RT\Material\Material.cpp">
      <Filter>Pliki źródłowe</Filter>
    </ClCompile>
    <ClCompile Include="src\Utils\VecStuff.cpp">
      <Filter>Pliki źródłowe</Filter>
    </ClCompile>
    <ClCompile Include="src\RT\Engine\shade.cpp">
      <Filter>Pliki źródłowe</Filter>
    </ClCompile>
  </ItemGroup>
  <ItemGroup>
    <ClInclude Include="src\Utils\SurfaceWrapper.h" />
    <ClInclude Include="src\Utils\asserts.h" />
    <ClInclude Include="src\RT\Camera\Ray.h" />
    <ClInclude Include="src\RT\Camera\Camera.h" />
    <ClInclude Include="src\RT\Primitives\Sphere.h" />
    <ClInclude Include="src\RT\Primitives\Hittable.h" />
    <ClInclude Include="src\RT\Engine\RayTracer.h" />
    <ClInclude Include="src\RT\Primitives\HitVector.h" />
    <ClInclude Include="src\Utils\VecStuff.h" />
    <ClInclude Include="src\RT\Material\Material.h" />
    <ClInclude Include="src\Utils\thread_pool.hpp" />
    <ClInclude Include="src\RT\Engine\shade.h" />
    <ClInclude Include="src\RT\Engine\RTRenderer.h" />
    <ClInclude Include="src\RT\Engine\GuardedRenderTarget.h" />
  </ItemGroup>
</Project>